
Microsoft Visual Studio Solution File, Format Version 12.00
# Visual Studio Version 17
VisualStudioVersion = 17.8.34408.163
MinimumVisualStudioVersion = 10.0.40219.1
Project("{FAE04EC0-301F-11D3-BF4B-00C04F79EFBC}") = "TaskAsyncAwait", "TaskAsyncAwait\TaskAsyncAwait.csproj", "{AA461D86-4EDD-47D0-99D6-96ED8DB18892}"
EndProject
Global
	GlobalSection(SolutionConfigurationPlatforms) = preSolution
		Debug|Any CPU = Debug|Any CPU
		Release|Any CPU = Release|Any CPU
	EndGlobalSection
	GlobalSection(ProjectConfigurationPlatforms) = postSolution
		{AA461D86-4EDD-47D0-99D6-96ED8DB18892}.Debug|Any CPU.ActiveCfg = Debug|Any CPU
		{AA461D86-4EDD-47D0-99D6-96ED8DB18892}.Debug|Any CPU.Build.0 = Debug|Any CPU
		{AA461D86-4EDD-47D0-99D6-96ED8DB18892}.Release|Any CPU.ActiveCfg = Release|Any CPU
		{AA461D86-4EDD-47D0-99D6-96ED8DB18892}.Release|Any CPU.Build.0 = Release|Any CPU
	EndGlobalSection
	GlobalSection(SolutionProperties) = preSolution
		HideSolutionNode = FALSE
	EndGlobalSection
	GlobalSection(ExtensibilityGlobals) = postSolution
		SolutionGuid = {F1051A1B-DE36-416E-A3BC-B4DE07558312}
	EndGlobalSection
EndGlobal
